
Microsoft Visual Studio Solution File, Format Version 12.00
# Visual Studio Version 16
VisualStudioVersion = 16.0.30114.105
MinimumVisualStudioVersion = 10.0.40219.1
Project("{2150E333-8FDC-42A3-9474-1A3956D46DE8}") = "src", "src", "{B15CCEA0-3C7D-44C9-9261-41DBEBAA6F8F}"
EndProject
Project("{FAE04EC0-301F-11D3-BF4B-00C04F79EFBC}") = "Manager.Domain", "src\2 - Manager.Domain\Manager.Domain.csproj", "{842BA40F-0F75-41AE-AF4C-7D812447B208}"
EndProject
Project("{FAE04EC0-301F-11D3-BF4B-00C04F79EFBC}") = "Manager.API", "src\1 - Manager.API\Manager.API.csproj", "{33D8BCBF-B27F-4983-8056-9B0EC9647D90}"
EndProject
Project("{FAE04EC0-301F-11D3-BF4B-00C04F79EFBC}") = "Manager.Services", "src\3 - Manager.Services\Manager.Services.csproj", "{460A5D5A-78E1-4209-ACBB-44D090769A82}"
EndProject
Project("{FAE04EC0-301F-11D3-BF4B-00C04F79EFBC}") = "Manager.Infra", "src\4 - Manager.Infra\Manager.Infra.csproj", "{C1F3E559-131F-43EB-8E97-91CA82B10ECE}"
EndProject
Project("{FAE04EC0-301F-11D3-BF4B-00C04F79EFBC}") = "Manager.Core", "src\5 - Manager.Core\Manager.Core.csproj", "{BCC16651-B5C9-4F48-8C5B-979082CB6CBD}"
EndProject
Global
	GlobalSection(SolutionConfigurationPlatforms) = preSolution
		Debug|Any CPU = Debug|Any CPU
		Debug|x64 = Debug|x64
		Debug|x86 = Debug|x86
		Release|Any CPU = Release|Any CPU
		Release|x64 = Release|x64
		Release|x86 = Release|x86
	EndGlobalSection
	GlobalSection(SolutionProperties) = preSolution
		HideSolutionNode = FALSE
	EndGlobalSection
	GlobalSection(ProjectConfigurationPlatforms) = postSolution
		{842BA40F-0F75-41AE-AF4C-7D812447B208}.Debug|Any CPU.ActiveCfg = Debug|Any CPU
		{842BA40F-0F75-41AE-AF4C-7D812447B208}.Debug|Any CPU.Build.0 = Debug|Any CPU
		{842BA40F-0F75-41AE-AF4C-7D812447B208}.Debug|x64.ActiveCfg = Debug|Any CPU
		{842BA40F-0F75-41AE-AF4C-7D812447B208}.Debug|x64.Build.0 = Debug|Any CPU
		{842BA40F-0F75-41AE-AF4C-7D812447B208}.Debug|x86.ActiveCfg = Debug|Any CPU
		{842BA40F-0F75-41AE-AF4C-7D812447B208}.Debug|x86.Build.0 = Debug|Any CPU
		{842BA40F-0F75-41AE-AF4C-7D812447B208}.Release|Any CPU.ActiveCfg = Release|Any CPU
		{842BA40F-0F75-41AE-AF4C-7D812447B208}.Release|Any CPU.Build.0 = Release|Any CPU
		{842BA40F-0F75-41AE-AF4C-7D812447B208}.Release|x64.ActiveCfg = Release|Any CPU
		{842BA40F-0F75-41AE-AF4C-7D812447B208}.Release|x64.Build.0 = Release|Any CPU
		{842BA40F-0F75-41AE-AF4C-7D812447B208}.Release|x86.ActiveCfg = Release|Any CPU
		{842BA40F-0F75-41AE-AF4C-7D812447B208}.Release|x86.Build.0 = Release|Any CPU
		{33D8BCBF-B27F-4983-8056-9B0EC9647D90}.Debug|Any CPU.ActiveCfg = Debug|Any CPU
		{33D8BCBF-B27F-4983-8056-9B0EC9647D90}.Debug|Any CPU.Build.0 = Debug|Any CPU
		{33D8BCBF-B27F-4983-8056-9B0EC9647D90}.Debug|x64.ActiveCfg = Debug|Any CPU
		{33D8BCBF-B27F-4983-8056-9B0EC9647D90}.Debug|x64.Build.0 = Debug|Any CPU
		{33D8BCBF-B27F-4983-8056-9B0EC9647D90}.Debug|x86.ActiveCfg = Debug|Any CPU
		{33D8BCBF-B27F-4983-8056-9B0EC9647D90}.Debug|x86.Build.0 = Debug|Any CPU
		{33D8BCBF-B27F-4983-8056-9B0EC9647D90}.Release|Any CPU.ActiveCfg = Release|Any CPU
		{33D8BCBF-B27F-4983-8056-9B0EC9647D90}.Release|Any CPU.Build.0 = Release|Any CPU
		{33D8BCBF-B27F-4983-8056-9B0EC9647D90}.Release|x64.ActiveCfg = Release|Any CPU
		{33D8BCBF-B27F-4983-8056-9B0EC9647D90}.Release|x64.Build.0 = Release|Any CPU
		{33D8BCBF-B27F-4983-8056-9B0EC9647D90}.Release|x86.ActiveCfg = Release|Any CPU
		{33D8BCBF-B27F-4983-8056-9B0EC9647D90}.Release|x86.Build.0 = Release|Any CPU
		{460A5D5A-78E1-4209-ACBB-44D090769A82}.Debug|Any CPU.ActiveCfg = Debug|Any CPU
		{460A5D5A-78E1-4209-ACBB-44D090769A82}.Debug|Any CPU.Build.0 = Debug|Any CPU
		{460A5D5A-78E1-4209-ACBB-44D090769A82}.Debug|x64.ActiveCfg = Debug|Any CPU
		{460A5D5A-78E1-4209-ACBB-44D090769A82}.Debug|x64.Build.0 = Debug|Any CPU
		{460A5D5A-78E1-4209-ACBB-44D090769A82}.Debug|x86.ActiveCfg = Debug|Any CPU
		{460A5D5A-78E1-4209-ACBB-44D090769A82}.Debug|x86.Build.0 = Debug|Any CPU
		{460A5D5A-78E1-4209-ACBB-44D090769A82}.Release|Any CPU.ActiveCfg = Release|Any CPU
		{460A5D5A-78E1-4209-ACBB-44D090769A82}.Release|Any CPU.Build.0 = Release|Any CPU
		{460A5D5A-78E1-4209-ACBB-44D090769A82}.Release|x64.ActiveCfg = Release|Any CPU
		{460A5D5A-78E1-4209-ACBB-44D090769A82}.Release|x64.Build.0 = Release|Any CPU
		{460A5D5A-78E1-4209-ACBB-44D090769A82}.Release|x86.ActiveCfg = Release|Any CPU
		{460A5D5A-78E1-4209-ACBB-44D090769A82}.Release|x86.Build.0 = Release|Any CPU
		{C1F3E559-131F-43EB-8E97-91CA82B10ECE}.Debug|Any CPU.ActiveCfg = Debug|Any CPU
		{C1F3E559-131F-43EB-8E97-91CA82B10ECE}.Debug|Any CPU.Build.0 = Debug|Any CPU
		{C1F3E559-131F-43EB-8E97-91CA82B10ECE}.Debug|x64.ActiveCfg = Debug|Any CPU
		{C1F3E559-131F-43EB-8E97-91CA82B10ECE}.Debug|x64.Build.0 = Debug|Any CPU
		{C1F3E559-131F-43EB-8E97-91CA82B10ECE}.Debug|x86.ActiveCfg = Debug|Any CPU
		{C1F3E559-131F-43EB-8E97-91CA82B10ECE}.Debug|x86.Build.0 = Debug|Any CPU
		{C1F3E559-131F-43EB-8E97-91CA82B10ECE}.Release|Any CPU.ActiveCfg = Release|Any CPU
		{C1F3E559-131F-43EB-8E97-91CA82B10ECE}.Release|Any CPU.Build.0 = Release|Any CPU
		{C1F3E559-131F-43EB-8E97-91CA82B10ECE}.Release|x64.ActiveCfg = Release|Any CPU
		{C1F3E559-131F-43EB-8E97-91CA82B10ECE}.Release|x64.Build.0 = Release|Any CPU
		{C1F3E559-131F-43EB-8E97-91CA82B10ECE}.Release|x86.ActiveCfg = Release|Any CPU
		{C1F3E559-131F-43EB-8E97-91CA82B10ECE}.Release|x86.Build.0 = Release|Any CPU
		{BCC16651-B5C9-4F48-8C5B-979082CB6CBD}.Debug|Any CPU.ActiveCfg = Debug|Any CPU
		{BCC16651-B5C9-4F48-8C5B-979082CB6CBD}.Debug|Any CPU.Build.0 = Debug|Any CPU
		{BCC16651-B5C9-4F48-8C5B-979082CB6CBD}.Debug|x64.ActiveCfg = Debug|Any CPU
		{BCC16651-B5C9-4F48-8C5B-979082CB6CBD}.Debug|x64.Build.0 = Debug|Any CPU
		{BCC16651-B5C9-4F48-8C5B-979082CB6CBD}.Debug|x86.ActiveCfg = Debug|Any CPU
		{BCC16651-B5C9-4F48-8C5B-979082CB6CBD}.Debug|x86.Build.0 = Debug|Any CPU
		{BCC16651-B5C9-4F48-8C5B-979082CB6CBD}.Release|Any CPU.ActiveCfg = Release|Any CPU
		{BCC16651-B5C9-4F48-8C5B-979082CB6CBD}.Release|Any CPU.Build.0 = Release|Any CPU
		{BCC16651-B5C9-4F48-8C5B-979082CB6CBD}.Release|x64.ActiveCfg = Release|Any CPU
		{BCC16651-B5C9-4F48-8C5B-979082CB6CBD}.Release|x64.Build.0 = Release|Any CPU
		{BCC16651-B5C9-4F48-8C5B-979082CB6CBD}.Release|x86.ActiveCfg = Release|Any CPU
		{BCC16651-B5C9-4F48-8C5B-979082CB6CBD}.Release|x86.Build.0 = Release|Any CPU
	EndGlobalSection
	GlobalSection(NestedProjects) = preSolution
		{842BA40F-0F75-41AE-AF4C-7D812447B208} = {B15CCEA0-3C7D-44C9-9261-41DBEBAA6F8F}
		{33D8BCBF-B27F-4983-8056-9B0EC9647D90} = {B15CCEA0-3C7D-44C9-9261-41DBEBAA6F8F}
		{460A5D5A-78E1-4209-ACBB-44D090769A82} = {B15CCEA0-3C7D-44C9-9261-41DBEBAA6F8F}
		{C1F3E559-131F-43EB-8E97-91CA82B10ECE} = {B15CCEA0-3C7D-44C9-9261-41DBEBAA6F8F}
		{BCC16651-B5C9-4F48-8C5B-979082CB6CBD} = {B15CCEA0-3C7D-44C9-9261-41DBEBAA6F8F}
	EndGlobalSection
EndGlobal
